
Microsoft Visual Studio Solution File, Format Version 12.00
# Visual Studio Version 17
VisualStudioVersion = 17.14.36511.14
MinimumVisualStudioVersion = 10.0.40219.1
Project("{FAE04EC0-301F-11D3-BF4B-00C04F79EFBC}") = "AdnocTestApp1", "AdnocTestApp1\AdnocTestApp1.csproj", "{D70F0F77-CE01-25AD-2F63-00CDFEB29057}"
EndProject
Project("{FAE04EC0-301F-11D3-BF4B-00C04F79EFBC}") = "AdnocTestApp", "AdnocTestApp\AdnocTestApp.csproj", "{D87AF2A7-0A1B-B238-9382-6F957EC784AF}"
EndProject
Project("{FAE04EC0-301F-11D3-BF4B-00C04F79EFBC}") = "AdnocTestApp.Tests", "AdnocTestApp.Tests\AdnocTestApp.Tests.csproj", "{CF12FE5C-6E3A-4684-97D6-E39876973FE8}"
EndProject
Project("{FAE04EC0-301F-11D3-BF4B-00C04F79EFBC}") = "AdnocTestApp2", "AdnocTestApp2\AdnocTestApp2.csproj", "{5453B615-9ADA-4F95-938C-11056E91E340}"
EndProject
Global
	GlobalSection(SolutionConfigurationPlatforms) = preSolution
		Debug|Any CPU = Debug|Any CPU
		Release|Any CPU = Release|Any CPU
	EndGlobalSection
	GlobalSection(ProjectConfigurationPlatforms) = postSolution
		{D70F0F77-CE01-25AD-2F63-00CDFEB29057}.Debug|Any CPU.ActiveCfg = Debug|Any CPU
		{D70F0F77-CE01-25AD-2F63-00CDFEB29057}.Debug|Any CPU.Build.0 = Debug|Any CPU
		{D70F0F77-CE01-25AD-2F63-00CDFEB29057}.Release|Any CPU.ActiveCfg = Release|Any CPU
		{D70F0F77-CE01-25AD-2F63-00CDFEB29057}.Release|Any CPU.Build.0 = Release|Any CPU
		{D87AF2A7-0A1B-B238-9382-6F957EC784AF}.Debug|Any CPU.ActiveCfg = Debug|Any CPU
		{D87AF2A7-0A1B-B238-9382-6F957EC784AF}.Debug|Any CPU.Build.0 = Debug|Any CPU
		{D87AF2A7-0A1B-B238-9382-6F957EC784AF}.Release|Any CPU.ActiveCfg = Release|Any CPU
		{D87AF2A7-0A1B-B238-9382-6F957EC784AF}.Release|Any CPU.Build.0 = Release|Any CPU
		{CF12FE5C-6E3A-4684-97D6-E39876973FE8}.Debug|Any CPU.ActiveCfg = Debug|Any CPU
		{CF12FE5C-6E3A-4684-97D6-E39876973FE8}.Debug|Any CPU.Build.0 = Debug|Any CPU
		{CF12FE5C-6E3A-4684-97D6-E39876973FE8}.Release|Any CPU.ActiveCfg = Release|Any CPU
		{CF12FE5C-6E3A-4684-97D6-E39876973FE8}.Release|Any CPU.Build.0 = Release|Any CPU
		{5453B615-9ADA-4F95-938C-11056E91E340}.Debug|Any CPU.ActiveCfg = Debug|Any CPU
		{5453B615-9ADA-4F95-938C-11056E91E340}.Debug|Any CPU.Build.0 = Debug|Any CPU
		{5453B615-9ADA-4F95-938C-11056E91E340}.Release|Any CPU.ActiveCfg = Release|Any CPU
		{5453B615-9ADA-4F95-938C-11056E91E340}.Release|Any CPU.Build.0 = Release|Any CPU
	EndGlobalSection
	GlobalSection(SolutionProperties) = preSolution
		HideSolutionNode = FALSE
	EndGlobalSection
	GlobalSection(ExtensibilityGlobals) = postSolution
		SolutionGuid = {E8F501CA-6FAE-4F5D-A961-732E7F82C696}
	EndGlobalSection
EndGlobal
